
Microsoft Visual Studio Solution File, Format Version 12.00
# Visual Studio Version 17
VisualStudioVersion = 17.11.34909.67
MinimumVisualStudioVersion = 10.0.40219.1
Project("{FAE04EC0-301F-11D3-BF4B-00C04F79EFBC}") = "solid.principles", "solid.priciples\solid.principles.csproj", "{18B28C20-5A0D-489A-BE2F-41EEFE754148}"
EndProject
Global
	GlobalSection(SolutionConfigurationPlatforms) = preSolution
		Debug|Any CPU = Debug|Any CPU
		Release|Any CPU = Release|Any CPU
	EndGlobalSection
	GlobalSection(ProjectConfigurationPlatforms) = postSolution
		{18B28C20-5A0D-489A-BE2F-41EEFE754148}.Debug|Any CPU.ActiveCfg = Debug|Any CPU
		{18B28C20-5A0D-489A-BE2F-41EEFE754148}.Debug|Any CPU.Build.0 = Debug|Any CPU
		{18B28C20-5A0D-489A-BE2F-41EEFE754148}.Release|Any CPU.ActiveCfg = Release|Any CPU
		{18B28C20-5A0D-489A-BE2F-41EEFE754148}.Release|Any CPU.Build.0 = Release|Any CPU
	EndGlobalSection
	GlobalSection(SolutionProperties) = preSolution
		HideSolutionNode = FALSE
	EndGlobalSection
	GlobalSection(ExtensibilityGlobals) = postSolution
		SolutionGuid = {7FF213F8-6F74-454D-AA7A-E96E3493EA51}
	EndGlobalSection
EndGlobal
